
Microsoft Visual Studio Solution File, Format Version 12.00
# Visual Studio Version 17
VisualStudioVersion = 17.13.35825.156 d17.13
MinimumVisualStudioVersion = 10.0.40219.1
Project("{FAE04EC0-301F-11D3-BF4B-00C04F79EFBC}") = "Exercicio01", "Exercicio01\Exercicio01.csproj", "{F9FFF609-46CB-424C-99D0-537CAFE1C214}"
EndProject
Project("{FAE04EC0-301F-11D3-BF4B-00C04F79EFBC}") = "Exercicio02", "Exercicio02\Exercicio02.csproj", "{5D8BE096-003B-4A0A-98CA-A21FB885AB34}"
EndProject
Project("{FAE04EC0-301F-11D3-BF4B-00C04F79EFBC}") = "Exercicio03", "Exercicio03\Exercicio03.csproj", "{7E4E08D3-4149-48CC-B31B-67D4033FFF39}"
EndProject
Project("{FAE04EC0-301F-11D3-BF4B-00C04F79EFBC}") = "Exercicio04", "Exercicio04\Exercicio04.csproj", "{62D8925D-CE39-4DD2-93ED-F9C44BB52027}"
EndProject
Global
	GlobalSection(SolutionConfigurationPlatforms) = preSolution
		Debug|Any CPU = Debug|Any CPU
		Release|Any CPU = Release|Any CPU
	EndGlobalSection
	GlobalSection(ProjectConfigurationPlatforms) = postSolution
		{F9FFF609-46CB-424C-99D0-537CAFE1C214}.Debug|Any CPU.ActiveCfg = Debug|Any CPU
		{F9FFF609-46CB-424C-99D0-537CAFE1C214}.Debug|Any CPU.Build.0 = Debug|Any CPU
		{F9FFF609-46CB-424C-99D0-537CAFE1C214}.Release|Any CPU.ActiveCfg = Release|Any CPU
		{F9FFF609-46CB-424C-99D0-537CAFE1C214}.Release|Any CPU.Build.0 = Release|Any CPU
		{5D8BE096-003B-4A0A-98CA-A21FB885AB34}.Debug|Any CPU.ActiveCfg = Debug|Any CPU
		{5D8BE096-003B-4A0A-98CA-A21FB885AB34}.Debug|Any CPU.Build.0 = Debug|Any CPU
		{5D8BE096-003B-4A0A-98CA-A21FB885AB34}.Release|Any CPU.ActiveCfg = Release|Any CPU
		{5D8BE096-003B-4A0A-98CA-A21FB885AB34}.Release|Any CPU.Build.0 = Release|Any CPU
		{7E4E08D3-4149-48CC-B31B-67D4033FFF39}.Debug|Any CPU.ActiveCfg = Debug|Any CPU
		{7E4E08D3-4149-48CC-B31B-67D4033FFF39}.Debug|Any CPU.Build.0 = Debug|Any CPU
		{7E4E08D3-4149-48CC-B31B-67D4033FFF39}.Release|Any CPU.ActiveCfg = Release|Any CPU
		{7E4E08D3-4149-48CC-B31B-67D4033FFF39}.Release|Any CPU.Build.0 = Release|Any CPU
		{62D8925D-CE39-4DD2-93ED-F9C44BB52027}.Debug|Any CPU.ActiveCfg = Debug|Any CPU
		{62D8925D-CE39-4DD2-93ED-F9C44BB52027}.Debug|Any CPU.Build.0 = Debug|Any CPU
		{62D8925D-CE39-4DD2-93ED-F9C44BB52027}.Release|Any CPU.ActiveCfg = Release|Any CPU
		{62D8925D-CE39-4DD2-93ED-F9C44BB52027}.Release|Any CPU.Build.0 = Release|Any CPU
	EndGlobalSection
	GlobalSection(SolutionProperties) = preSolution
		HideSolutionNode = FALSE
	EndGlobalSection
	GlobalSection(ExtensibilityGlobals) = postSolution
		SolutionGuid = {4EB84CC2-0DCE-438D-B33E-3C7625CCA92A}
	EndGlobalSection
EndGlobal
