
Microsoft Visual Studio Solution File, Format Version 12.00
# Visual Studio Version 17
VisualStudioVersion = 17.13.35825.156 d17.13
MinimumVisualStudioVersion = 10.0.40219.1
Project("{FAE04EC0-301F-11D3-BF4B-00C04F79EFBC}") = "Exercicio01", "Exercicio01\Exercicio01.csproj", "{F9FFF609-46CB-424C-99D0-537CAFE1C214}"
EndProject
Project("{FAE04EC0-301F-11D3-BF4B-00C04F79EFBC}") = "Exercicio02", "Exercicio02\Exercicio02.csproj", "{5D8BE096-003B-4A0A-98CA-A21FB885AB34}"
EndProject
Project("{FAE04EC0-301F-11D3-BF4B-00C04F79EFBC}") = "Exercicio03", "Exercicio03\Exercicio03.csproj", "{7E4E08D3-4149-48CC-B31B-67D4033FFF39}"
EndProject
Project("{FAE04EC0-301F-11D3-BF4B-00C04F79EFBC}") = "Exercicio04", "Exercicio04\Exercicio04.csproj", "{62D8925D-CE39-4DD2-93ED-F9C44BB52027}"
EndProject
Project("{FAE04EC0-301F-11D3-BF4B-00C04F79EFBC}") = "Exercicio05", "Exercicio05\Exercicio05.csproj", "{61D3661C-624F-489D-AEC3-1A8A55AF1BAC}"
EndProject
Project("{FAE04EC0-301F-11D3-BF4B-00C04F79EFBC}") = "Exercicio06", "Exercicio06\Exercicio06.csproj", "{47DB5B4B-9692-4343-9F5C-3D292B0A0E93}"
EndProject
Project("{FAE04EC0-301F-11D3-BF4B-00C04F79EFBC}") = "Exercicio07", "Exercicio07\Exercicio07.csproj", "{15F6DF98-33AB-48C6-8AA5-5C06DE7ABB6C}"
EndProject
Project("{FAE04EC0-301F-11D3-BF4B-00C04F79EFBC}") = "Exercicio08", "Exercicio08\Exercicio08.csproj", "{8EEB6E62-094C-4CD9-A7E1-F08A62ECF397}"
EndProject
Project("{FAE04EC0-301F-11D3-BF4B-00C04F79EFBC}") = "Exercicio09", "Exercicio09\Exercicio09.csproj", "{E712328B-A1F7-4FE0-91FF-8220CF61CEDD}"
EndProject
Global
	GlobalSection(SolutionConfigurationPlatforms) = preSolution
		Debug|Any CPU = Debug|Any CPU
		Release|Any CPU = Release|Any CPU
	EndGlobalSection
	GlobalSection(ProjectConfigurationPlatforms) = postSolution
		{F9FFF609-46CB-424C-99D0-537CAFE1C214}.Debug|Any CPU.ActiveCfg = Debug|Any CPU
		{F9FFF609-46CB-424C-99D0-537CAFE1C214}.Debug|Any CPU.Build.0 = Debug|Any CPU
		{F9FFF609-46CB-424C-99D0-537CAFE1C214}.Release|Any CPU.ActiveCfg = Release|Any CPU
		{F9FFF609-46CB-424C-99D0-537CAFE1C214}.Release|Any CPU.Build.0 = Release|Any CPU
		{5D8BE096-003B-4A0A-98CA-A21FB885AB34}.Debug|Any CPU.ActiveCfg = Debug|Any CPU
		{5D8BE096-003B-4A0A-98CA-A21FB885AB34}.Debug|Any CPU.Build.0 = Debug|Any CPU
		{5D8BE096-003B-4A0A-98CA-A21FB885AB34}.Release|Any CPU.ActiveCfg = Release|Any CPU
		{5D8BE096-003B-4A0A-98CA-A21FB885AB34}.Release|Any CPU.Build.0 = Release|Any CPU
		{7E4E08D3-4149-48CC-B31B-67D4033FFF39}.Debug|Any CPU.ActiveCfg = Debug|Any CPU
		{7E4E08D3-4149-48CC-B31B-67D4033FFF39}.Debug|Any CPU.Build.0 = Debug|Any CPU
		{7E4E08D3-4149-48CC-B31B-67D4033FFF39}.Release|Any CPU.ActiveCfg = Release|Any CPU
		{7E4E08D3-4149-48CC-B31B-67D4033FFF39}.Release|Any CPU.Build.0 = Release|Any CPU
		{62D8925D-CE39-4DD2-93ED-F9C44BB52027}.Debug|Any CPU.ActiveCfg = Debug|Any CPU
		{62D8925D-CE39-4DD2-93ED-F9C44BB52027}.Debug|Any CPU.Build.0 = Debug|Any CPU
		{62D8925D-CE39-4DD2-93ED-F9C44BB52027}.Release|Any CPU.ActiveCfg = Release|Any CPU
		{62D8925D-CE39-4DD2-93ED-F9C44BB52027}.Release|Any CPU.Build.0 = Release|Any CPU
		{61D3661C-624F-489D-AEC3-1A8A55AF1BAC}.Debug|Any CPU.ActiveCfg = Debug|Any CPU
		{61D3661C-624F-489D-AEC3-1A8A55AF1BAC}.Debug|Any CPU.Build.0 = Debug|Any CPU
		{61D3661C-624F-489D-AEC3-1A8A55AF1BAC}.Release|Any CPU.ActiveCfg = Release|Any CPU
		{61D3661C-624F-489D-AEC3-1A8A55AF1BAC}.Release|Any CPU.Build.0 = Release|Any CPU
		{47DB5B4B-9692-4343-9F5C-3D292B0A0E93}.Debug|Any CPU.ActiveCfg = Debug|Any CPU
		{47DB5B4B-9692-4343-9F5C-3D292B0A0E93}.Debug|Any CPU.Build.0 = Debug|Any CPU
		{47DB5B4B-9692-4343-9F5C-3D292B0A0E93}.Release|Any CPU.ActiveCfg = Release|Any CPU
		{47DB5B4B-9692-4343-9F5C-3D292B0A0E93}.Release|Any CPU.Build.0 = Release|Any CPU
		{15F6DF98-33AB-48C6-8AA5-5C06DE7ABB6C}.Debug|Any CPU.ActiveCfg = Debug|Any CPU
		{15F6DF98-33AB-48C6-8AA5-5C06DE7ABB6C}.Debug|Any CPU.Build.0 = Debug|Any CPU
		{15F6DF98-33AB-48C6-8AA5-5C06DE7ABB6C}.Release|Any CPU.ActiveCfg = Release|Any CPU
		{15F6DF98-33AB-48C6-8AA5-5C06DE7ABB6C}.Release|Any CPU.Build.0 = Release|Any CPU
		{8EEB6E62-094C-4CD9-A7E1-F08A62ECF397}.Debug|Any CPU.ActiveCfg = Debug|Any CPU
		{8EEB6E62-094C-4CD9-A7E1-F08A62ECF397}.Debug|Any CPU.Build.0 = Debug|Any CPU
		{8EEB6E62-094C-4CD9-A7E1-F08A62ECF397}.Release|Any CPU.ActiveCfg = Release|Any CPU
		{8EEB6E62-094C-4CD9-A7E1-F08A62ECF397}.Release|Any CPU.Build.0 = Release|Any CPU
		{E712328B-A1F7-4FE0-91FF-8220CF61CEDD}.Debug|Any CPU.ActiveCfg = Debug|Any CPU
		{E712328B-A1F7-4FE0-91FF-8220CF61CEDD}.Debug|Any CPU.Build.0 = Debug|Any CPU
		{E712328B-A1F7-4FE0-91FF-8220CF61CEDD}.Release|Any CPU.ActiveCfg = Release|Any CPU
		{E712328B-A1F7-4FE0-91FF-8220CF61CEDD}.Release|Any CPU.Build.0 = Release|Any CPU
	EndGlobalSection
	GlobalSection(SolutionProperties) = preSolution
		HideSolutionNode = FALSE
	EndGlobalSection
	GlobalSection(ExtensibilityGlobals) = postSolution
		SolutionGuid = {4EB84CC2-0DCE-438D-B33E-3C7625CCA92A}
	EndGlobalSection
EndGlobal
